
Microsoft Visual Studio Solution File, Format Version 12.00
# Visual Studio Version 17
VisualStudioVersion = 17.6.33815.320
MinimumVisualStudioVersion = 10.0.40219.1
Project("{FAE04EC0-301F-11D3-BF4B-00C04F79EFBC}") = "WebApi", "WebApi\WebApi.csproj", "{31D19D05-8B56-4804-A1F1-A357E8145FE6}"
EndProject
Global
	GlobalSection(SolutionConfigurationPlatforms) = preSolution
		Debug|Any CPU = Debug|Any CPU
		Release|Any CPU = Release|Any CPU
	EndGlobalSection
	GlobalSection(ProjectConfigurationPlatforms) = postSolution
		{31D19D05-8B56-4804-A1F1-A357E8145FE6}.Debug|Any CPU.ActiveCfg = Debug|Any CPU
		{31D19D05-8B56-4804-A1F1-A357E8145FE6}.Debug|Any CPU.Build.0 = Debug|Any CPU
		{31D19D05-8B56-4804-A1F1-A357E8145FE6}.Release|Any CPU.ActiveCfg = Release|Any CPU
		{31D19D05-8B56-4804-A1F1-A357E8145FE6}.Release|Any CPU.Build.0 = Release|Any CPU
	EndGlobalSection
	GlobalSection(SolutionProperties) = preSolution
		HideSolutionNode = FALSE
	EndGlobalSection
	GlobalSection(ExtensibilityGlobals) = postSolution
		SolutionGuid = {57A97F82-441B-411D-9149-C143CB6297E4}
	EndGlobalSection
EndGlobal
